
Microsoft Visual Studio Solution File, Format Version 12.00
# Visual Studio Version 17
VisualStudioVersion = 17.3.32811.315
MinimumVisualStudioVersion = 10.0.40219.1
Project("{FAE04EC0-301F-11D3-BF4B-00C04F79EFBC}") = "ContactsConsoleProject", "ContactsConsoleProject.csproj", "{53FD4F38-38F1-4C17-9900-C35F4052E70A}"
EndProject
Project("{FAE04EC0-301F-11D3-BF4B-00C04F79EFBC}") = "ContactsBusinessLayer", "..\ContactsBusinessLayer\ContactsBusinessLayer.csproj", "{135B13F3-F7C9-484B-8338-3CC4473CAF8E}"
EndProject
Project("{FAE04EC0-301F-11D3-BF4B-00C04F79EFBC}") = "ContactDataAccessLayer", "..\ContactDataAccessLayer\ContactDataAccessLayer.csproj", "{FE2886CF-A7DA-4864-98AB-D391360D1C33}"
EndProject
Global
	GlobalSection(SolutionConfigurationPlatforms) = preSolution
		Debug|Any CPU = Debug|Any CPU
		Release|Any CPU = Release|Any CPU
	EndGlobalSection
	GlobalSection(ProjectConfigurationPlatforms) = postSolution
		{53FD4F38-38F1-4C17-9900-C35F4052E70A}.Debug|Any CPU.ActiveCfg = Debug|Any CPU
		{53FD4F38-38F1-4C17-9900-C35F4052E70A}.Debug|Any CPU.Build.0 = Debug|Any CPU
		{53FD4F38-38F1-4C17-9900-C35F4052E70A}.Release|Any CPU.ActiveCfg = Release|Any CPU
		{53FD4F38-38F1-4C17-9900-C35F4052E70A}.Release|Any CPU.Build.0 = Release|Any CPU
		{135B13F3-F7C9-484B-8338-3CC4473CAF8E}.Debug|Any CPU.ActiveCfg = Debug|Any CPU
		{135B13F3-F7C9-484B-8338-3CC4473CAF8E}.Debug|Any CPU.Build.0 = Debug|Any CPU
		{135B13F3-F7C9-484B-8338-3CC4473CAF8E}.Release|Any CPU.ActiveCfg = Release|Any CPU
		{135B13F3-F7C9-484B-8338-3CC4473CAF8E}.Release|Any CPU.Build.0 = Release|Any CPU
		{FE2886CF-A7DA-4864-98AB-D391360D1C33}.Debug|Any CPU.ActiveCfg = Debug|Any CPU
		{FE2886CF-A7DA-4864-98AB-D391360D1C33}.Debug|Any CPU.Build.0 = Debug|Any CPU
		{FE2886CF-A7DA-4864-98AB-D391360D1C33}.Release|Any CPU.ActiveCfg = Release|Any CPU
		{FE2886CF-A7DA-4864-98AB-D391360D1C33}.Release|Any CPU.Build.0 = Release|Any CPU
	EndGlobalSection
	GlobalSection(SolutionProperties) = preSolution
		HideSolutionNode = FALSE
	EndGlobalSection
	GlobalSection(ExtensibilityGlobals) = postSolution
		SolutionGuid = {9D341F7C-8494-4D8F-B35B-75BB582E4F86}
	EndGlobalSection
EndGlobal
